Microsoft Visual Studio Solution File, Format Version 8.00
Project("{8BC9CEB8-8B4A-11D0-8D11-00A0C91BC942}") = "Lib", "Lib\Lib.vcproj", "{B97CE10E-2358-44BD-ACDE-F73E92BF4D0A}"
	ProjectSection(ProjectDependencies) = postProject
	EndProjectSection
EndProject
Global
	GlobalSection(SourceCodeControl) = preSolution
		SccNumberOfProjects = 2
		SccLocalPath0 = .
		CanCheckoutShared = false
		SolutionUniqueID = {877403DA-F127-4BD5-AD68-CFB1BC060CAE}
		SccProjectUniqueName1 = Lib\\Lib.vcproj
		SccLocalPath1 = .
		CanCheckoutShared = false
		SccProjectFilePathRelativizedFromConnection1 = Lib\\
	EndGlobalSection
	GlobalSection(SolutionConfiguration) = preSolution
		Debug = Debug
		Release = Release
	EndGlobalSection
	GlobalSection(ProjectConfiguration) = postSolution
		{B97CE10E-2358-44BD-ACDE-F73E92BF4D0A}.Debug.ActiveCfg = Debug|Win32
		{B97CE10E-2358-44BD-ACDE-F73E92BF4D0A}.Debug.Build.0 = Debug|Win32
		{B97CE10E-2358-44BD-ACDE-F73E92BF4D0A}.Release.ActiveCfg = Release|Win32
		{B97CE10E-2358-44BD-ACDE-F73E92BF4D0A}.Release.Build.0 = Release|Win32
	EndGlobalSection
	GlobalSection(ExtensibilityGlobals) = postSolution
	EndGlobalSection
	GlobalSection(ExtensibilityAddIns) = postSolution
	EndGlobalSection
EndGlobal
