Microsoft Visual Studio Solution File, Format Version 8.00
Project("{8BC9CEB8-8B4A-11D0-8D11-00A0C91BC942}") = "lib", "lib\lib.vcproj", "{4413D7C7-714D-41FD-BAFE-F3AE4885171E}"
	ProjectSection(ProjectDependencies) = postProject
	EndProjectSection
EndProject
Global
	GlobalSection(SourceCodeControl) = preSolution
		SccNumberOfProjects = 2
		SccLocalPath0 = .
		CanCheckoutShared = false
		SolutionUniqueID = {B97ACAF0-9FFE-41C1-9124-E9938447B4BD}
		SccProjectUniqueName1 = lib\\lib.vcproj
		SccLocalPath1 = .
		CanCheckoutShared = false
		SccProjectFilePathRelativizedFromConnection1 = lib\\
	EndGlobalSection
	GlobalSection(SolutionConfiguration) = preSolution
		Debug = Debug
		Release = Release
	EndGlobalSection
	GlobalSection(ProjectConfiguration) = postSolution
		{4413D7C7-714D-41FD-BAFE-F3AE4885171E}.Debug.ActiveCfg = Debug|Win32
		{4413D7C7-714D-41FD-BAFE-F3AE4885171E}.Debug.Build.0 = Debug|Win32
		{4413D7C7-714D-41FD-BAFE-F3AE4885171E}.Release.ActiveCfg = Release|Win32
		{4413D7C7-714D-41FD-BAFE-F3AE4885171E}.Release.Build.0 = Release|Win32
	EndGlobalSection
	GlobalSection(ExtensibilityGlobals) = postSolution
	EndGlobalSection
	GlobalSection(ExtensibilityAddIns) = postSolution
	EndGlobalSection
EndGlobal
